<?xml version="1.0" encoding="UTF-8" standalone="yes" ?>
<CodeBlocks_project_file>
	<FileVersion major="1" minor="6" />
	<Project>
		<Option title="PowerDraw" />
		<Option pch_mode="2" />
		<Option compiler="gcc" />
		<Build>
			<Target title="Debug">
				<Option output="bin/Debug/PowerDraw" prefix_auto="1" extension_auto="1" />
				<Option working_dir="C:/MinGW/bin" />
				<Option object_output="obj/Debug/" />
				<Option type="1" />
				<Option compiler="gcc" />
				<Compiler>
					<Add option="-g" />
				</Compiler>
			</Target>
			<Target title="Release">
				<Option output="bin/Release/PowerDraw" prefix_auto="1" extension_auto="1" />
				<Option working_dir="C:/MinGW/bin" />
				<Option object_output="obj/Release/" />
				<Option type="0" />
				<Option compiler="gcc" />
				<Compiler>
					<Add option="-O2" />
				</Compiler>
				<Linker>
					<Add option="-s" />
				</Linker>
			</Target>
		</Build>
		<Compiler>
			<Add option="-Wall" />
			<Add directory="C:/MinGW/include" />
		</Compiler>
		<Linker>
			<Add library="freeglut" />
			<Add library="opengl32" />
			<Add library="glu32" />
			<Add library="winmm" />
			<Add library="gdi32" />
			<Add directory="C:/MinGW/lib" />
		</Linker>
		<Unit filename="files/all-in-one/all-in-one.hpp" />
		<Unit filename="files/debug/debug.cpp" />
		<Unit filename="files/debug/debug.hpp" />
		<Unit filename="files/main/main.cpp" />
		<Unit filename="files/main/main.hpp" />
		<Unit filename="files/mouse and keyboard/keyboard/keyboard.cpp" />
		<Unit filename="files/mouse and keyboard/keyboard/keyboard.hpp" />
		<Unit filename="files/opencv/biblioteki.hpp" />
		<Unit filename="files/opencv/main/main.cpp" />
		<Unit filename="files/opencv/main/main.hpp" />
		<Unit filename="files/opencv/modifier/modyfikator.cpp" />
		<Unit filename="files/opencv/modifier/modyfikator.hpp" />
		<Unit filename="files/opencv/point/point.cpp" />
		<Unit filename="files/opencv/point/point.hpp" />
		<Unit filename="files/opengl/ekran/ekran.cpp" />
		<Unit filename="files/opengl/ekran/ekran.hpp" />
		<Unit filename="files/opengl/inicjalizacja.cpp" />
		<Unit filename="files/opengl/rysowanie/drawing.cpp" />
		<Unit filename="files/opengl/rysowanie/drawing.hpp" />
		<Unit filename="files/opengl/text/tekst.cpp" />
		<Unit filename="files/opengl/text/tekst.hpp" />
		<Extensions>
			<code_completion />
			<envvars />
			<debugger />
			<lib_finder disable_auto="1" />
		</Extensions>
	</Project>
</CodeBlocks_project_file>
